// !$*UTF8*$!
{
	archiveVersion = 1;
	classes = {
	};
	objectVersion = 51;
	objects = {

/* Begin PBXBuildFile section */
		1368C600D0FEC25E672C57EA /* Pods_QiitaAPI.framework in Frameworks */ = {isa = PBXBuildFile; fileRef = 95296B79E25E3514BA46F1D9 /* Pods_QiitaAPI.framework */; };
		426A86BA2464360200798884 /* AppDelegate.swift in Sources */ = {isa = PBXBuildFile; fileRef = 426A86B92464360200798884 /* AppDelegate.swift */; };
		426A86BC2464360200798884 /* SceneDelegate.swift in Sources */ = {isa = PBXBuildFile; fileRef = 426A86BB2464360200798884 /* SceneDelegate.swift */; };
		426A86BE2464360200798884 /* ViewController.swift in Sources */ = {isa = PBXBuildFile; fileRef = 426A86BD2464360200798884 /* ViewController.swift */; };
		426A86C12464360200798884 /* Main.storyboard in Resources */ = {isa = PBXBuildFile; fileRef = 426A86BF2464360200798884 /* Main.storyboard */; };
		426A86C32464360700798884 /* Assets.xcassets in Resources */ = {isa = PBXBuildFile; fileRef = 426A86C22464360700798884 /* Assets.xcassets */; };
		426A86C62464360700798884 /* LaunchScreen.storyboard in Resources */ = {isa = PBXBuildFile; fileRef = 426A86C42464360700798884 /* LaunchScreen.storyboard */; };
/* End PBXBuildFile section */

/* Begin PBXFileReference section */
		426A86B62464360200798884 /* QiitaAPI.app */ = {isa = PBXFileReference; explicitFileType = wrapper.application; includeInIndex = 0; path = QiitaAPI.app; sourceTree = BUILT_PRODUCTS_DIR; };
		426A86B92464360200798884 /* AppDelegate.swift */ = {isa = PBXFileReference; lastKnownFileType = sourcecode.swift; path = AppDelegate.swift; sourceTree = "<group>"; };
		426A86BB2464360200798884 /* SceneDelegate.swift */ = {isa = PBXFileReference; lastKnownFileType = sourcecode.swift; path = SceneDelegate.swift; sourceTree = "<group>"; };
		426A86BD2464360200798884 /* ViewController.swift */ = {isa = PBXFileReference; lastKnownFileType = sourcecode.swift; path = ViewController.swift; sourceTree = "<group>"; };
		426A86C02464360200798884 /* Base */ = {isa = PBXFileReference; lastKnownFileType = file.storyboard; name = Base; path = Base.lproj/Main.storyboard; sourceTree = "<group>"; };
		426A86C22464360700798884 /* Assets.xcassets */ = {isa = PBXFileReference; lastKnownFileType = folder.assetcatalog; path = Assets.xcassets; sourceTree = "<group>"; };
		426A86C52464360700798884 /* Base */ = {isa = PBXFileReference; lastKnownFileType = file.storyboard; name = Base; path = Base.lproj/LaunchScreen.storyboard; sourceTree = "<group>"; };
		426A86C72464360700798884 /* Info.plist */ = {isa = PBXFileReference; lastKnownFileType = text.plist.xml; path = Info.plist; sourceTree = "<group>"; };
		620E68CCABF67B34FD4C15D9 /* Pods-QiitaAPI.debug.xcconfig */ = {isa = PBXFileReference; includeInIndex = 1; lastKnownFileType = text.xcconfig; name = "Pods-QiitaAPI.debug.xcconfig"; path = "Target Support Files/Pods-QiitaAPI/Pods-QiitaAPI.debug.xcconfig"; sourceTree = "<group>"; };
		95296B79E25E3514BA46F1D9 /* Pods_QiitaAPI.framework */ = {isa = PBXFileReference; explicitFileType = wrapper.framework; includeInIndex = 0; path = Pods_QiitaAPI.framework; sourceTree = BUILT_PRODUCTS_DIR; };
		B323ED488EC5007ADB73DDA0 /* Pods-QiitaAPI.release.xcconfig */ = {isa = PBXFileReference; includeInIndex = 1; lastKnownFileType = text.xcconfig; name = "Pods-QiitaAPI.release.xcconfig"; path = "Target Support Files/Pods-QiitaAPI/Pods-QiitaAPI.release.xcconfig"; sourceTree = "<group>"; };
/* End PBXFileReference section */

/* Begin PBXFrameworksBuildPhase section */
		426A86B32464360200798884 /* Frameworks */ = {
			isa = PBXFrameworksBuildPhase;
			buildActionMask = 2147483647;
			files = (
				1368C600D0FEC25E672C57EA /* Pods_QiitaAPI.framework in Frameworks */,
			);
			runOnlyForDeploymentPostprocessing = 0;
		};
/* End PBXFrameworksBuildPhase section */

/* Begin PBXGroup section */
		030FC4DB422F2683869CCCCE /* Frameworks */ = {
			isa = PBXGroup;
			children = (
				95296B79E25E3514BA46F1D9 /* Pods_QiitaAPI.framework */,
			);
			name = Frameworks;
			sourceTree = "<group>";
		};
		426A86AD2464360200798884 = {
			isa = PBXGroup;
			children = (
				426A86B82464360200798884 /* QiitaAPI */,
				426A86B72464360200798884 /* Products */,
				88B5818AB7EB7C9BC5EF94DA /* Pods */,
				030FC4DB422F2683869CCCCE /* Frameworks */,
			);
			sourceTree = "<group>";
		};
		426A86B72464360200798884 /* Products */ = {
			isa = PBXGroup;
			children = (
				426A86B62464360200798884 /* QiitaAPI.app */,
			);
			name = Products;
			sourceTree = "<group>";
		};
		426A86B82464360200798884 /* QiitaAPI */ = {
			isa = PBXGroup;
			children = (
				426A86B92464360200798884 /* AppDelegate.swift */,
				426A86BB2464360200798884 /* SceneDelegate.swift */,
				426A86BD2464360200798884 /* ViewController.swift */,
				426A86BF2464360200798884 /* Main.storyboard */,
				426A86C22464360700798884 /* Assets.xcassets */,
				426A86C42464360700798884 /* LaunchScreen.storyboard */,
				426A86C72464360700798884 /* Info.plist */,
			);
			path = QiitaAPI;
			sourceTree = "<group>";
		};
		88B5818AB7EB7C9BC5EF94DA /* Pods */ = {
			isa = PBXGroup;
			children = (
				620E68CCABF67B34FD4C15D9 /* Pods-QiitaAPI.debug.xcconfig */,
				B323ED488EC5007ADB73DDA0 /* Pods-QiitaAPI.release.xcconfig */,
			);
			path = Pods;
			sourceTree = "<group>";
		};
/* End PBXGroup section */

/* Begin PBXNativeTarget section */
		426A86B52464360200798884 /* QiitaAPI */ = {
			isa = PBXNativeTarget;
			buildConfigurationList = 426A86CA2464360700798884 /* Build configuration list for PBXNativeTarget "QiitaAPI" */;
			buildPhases = (
				E03CF4024D2EF6ABF61F0070 /* [CP] Check Pods Manifest.lock */,
				426A86B22464360200798884 /* Sources */,
				426A86B32464360200798884 /* Frameworks */,
				426A86B42464360200798884 /* Resources */,
				BC89C9D4911FFB8A6551B15C /* [CP] Embed Pods Frameworks */,
			);
			buildRules = (
			);
			dependencies = (
			);
			name = QiitaAPI;
			productName = QiitaAPI;
			productReference = 426A86B62464360200798884 /* QiitaAPI.app */;
			productType = "com.apple.product-type.application";
		};
/* End PBXNativeTarget section */

/* Begin PBXProject section */
		426A86AE2464360200798884 /* Project object */ = {
			isa = PBXProject;
			attributes = {
				LastSwiftUpdateCheck = 1140;
				LastUpgradeCheck = 1140;
				ORGANIZATIONNAME = "Daichi Aoki";
				TargetAttributes = {
					426A86B52464360200798884 = {
						CreatedOnToolsVersion = 11.4.1;
					};
				};
			};
			buildConfigurationList = 426A86B12464360200798884 /* Build configuration list for PBXProject "QiitaAPI" */;
			compatibilityVersion = "Xcode 9.3";
			developmentRegion = en;
			hasScannedForEncodings = 0;
			knownRegions = (
				en,
				Base,
			);
			mainGroup = 426A86AD2464360200798884;
			productRefGroup = 426A86B72464360200798884 /* Products */;
			projectDirPath = "";
			projectRoot = "";
			targets = (
				426A86B52464360200798884 /* QiitaAPI */,
			);
		};
/* End PBXProject section */

/* Begin PBXResourcesBuildPhase section */
		426A86B42464360200798884 /* Resources */ = {
			isa = PBXResourcesBuildPhase;
			buildActionMask = 2147483647;
			files = (
				426A86C62464360700798884 /* LaunchScreen.storyboard in Resources */,
				426A86C32464360700798884 /* Assets.xcassets in Resources */,
				426A86C12464360200798884 /* Main.storyboard in Resources */,
			);
			runOnlyForDeploymentPostprocessing = 0;
		};
/* End PBXResourcesBuildPhase section */

/* Begin PBXShellScriptBuildPhase section */
		BC89C9D4911FFB8A6551B15C /* [CP] Embed Pods Frameworks */ = {
			isa = PBXShellScriptBuildPhase;
			buildActionMask = 2147483647;
			files = (
			);
			inputFileListPaths = (
				"${PODS_ROOT}/Target Support Files/Pods-QiitaAPI/Pods-QiitaAPI-frameworks-${CONFIGURATION}-input-files.xcfilelist",
			);
			name = "[CP] Embed Pods Frameworks";
			outputFileListPaths = (
				"${PODS_ROOT}/Target Support Files/Pods-QiitaAPI/Pods-QiitaAPI-frameworks-${CONFIGURATION}-output-files.xcfilelist",
			);
			runOnlyForDeploymentPostprocessing = 0;
			shellPath = /bin/sh;
			shellScript = "\"${PODS_ROOT}/Target Support Files/Pods-QiitaAPI/Pods-QiitaAPI-frameworks.sh\"\n";
			showEnvVarsInLog = 0;
		};
		E03CF4024D2EF6ABF61F0070 /* [CP] Check Pods Manifest.lock */ = {
			isa = PBXShellScriptBuildPhase;
			buildActionMask = 2147483647;
			files = (
			);
			inputFileListPaths = (
			);
			inputPaths = (
				"${PODS_PODFILE_DIR_PATH}/Podfile.lock",
				"${PODS_ROOT}/Manifest.lock",
			);
			name = "[CP] Check Pods Manifest.lock";
			outputFileListPaths = (
			);
			outputPaths = (
				"$(DERIVED_FILE_DIR)/Pods-QiitaAPI-checkManifestLockResult.txt",
			);
			runOnlyForDeploymentPostprocessing = 0;
			shellPath = /bin/sh;
			shellScript = "diff \"${PODS_PODFILE_DIR_PATH}/Podfile.lock\" \"${PODS_ROOT}/Manifest.lock\" > /dev/null\nif [ $? != 0 ] ; then\n    # print error to STDERR\n    echo \"error: The sandbox is not in sync with the Podfile.lock. Run 'pod install' or update your CocoaPods installation.\" >&2\n    exit 1\nfi\n# This output is used by Xcode 'outputs' to avoid re-running this script phase.\necho \"SUCCESS\" > \"${SCRIPT_OUTPUT_FILE_0}\"\n";
			showEnvVarsInLog = 0;
		};
/* End PBXShellScriptBuildPhase section */

/* Begin PBXSourcesBuildPhase section */
		426A86B22464360200798884 /* Sources */ = {
			isa = PBXSourcesBuildPhase;
			buildActionMask = 2147483647;
			files = (
				426A86BE2464360200798884 /* ViewController.swift in Sources */,
				426A86BA2464360200798884 /* AppDelegate.swift in Sources */,
				426A86BC2464360200798884 /* SceneDelegate.swift in Sources */,
			);
			runOnlyForDeploymentPostprocessing = 0;
		};
/* End PBXSourcesBuildPhase section */

/* Begin PBXVariantGroup section */
		426A86BF2464360200798884 /* Main.storyboard */ = {
			isa = PBXVariantGroup;
			children = (
				426A86C02464360200798884 /* Base */,
			);
			name = Main.storyboard;
			sourceTree = "<group>";
		};
		426A86C42464360700798884 /* LaunchScreen.storyboard */ = {
			isa = PBXVariantGroup;
			children = (
				426A86C52464360700798884 /* Base */,
			);
			name = LaunchScreen.storyboard;
			sourceTree = "<group>";
		};
/* End PBXVariantGroup section */

/* Begin XCBuildConfiguration section */
		426A86C82464360700798884 /* Debug */ = {
			isa = XCBuildConfiguration;
			buildSettings = {
				ALWAYS_SEARCH_USER_PATHS = NO;
				CLANG_ANALYZER_NONNULL = YES;
				CLANG_ANALYZER_NUMBER_OBJECT_CONVERSION = YES_AGGRESSIVE;
				CLANG_CXX_LANGUAGE_STANDARD = "gnu++14";
				CLANG_CXX_LIBRARY = "libc++";
				CLANG_ENABLE_MODULES = YES;
				CLANG_ENABLE_OBJC_ARC = YES;
				CLANG_ENABLE_OBJC_WEAK = YES;
				CLANG_WARN_BLOCK_CAPTURE_AUTORELEASING = YES;
				CLANG_WARN_BOOL_CONVERSION = YES;
				CLANG_WARN_COMMA = YES;
				CLANG_WARN_CONSTANT_CONVERSION = YES;
				CLANG_WARN_DEPRECATED_OBJC_IMPLEMENTATIONS = YES;
				CLANG_WARN_DIRECT_OBJC_ISA_USAGE = YES_ERROR;
				CLANG_WARN_DOCUMENTATION_COMMENTS = YES;
				CLANG_WARN_EMPTY_BODY = YES;
				CLANG_WARN_ENUM_CONVERSION = YES;
				CLANG_WARN_INFINITE_RECURSION = YES;
				CLANG_WARN_INT_CONVERSION = YES;
				CLANG_WARN_NON_LITERAL_NULL_CONVERSION = YES;
				CLANG_WARN_OBJC_IMPLICIT_RETAIN_SELF = YES;
				CLANG_WARN_OBJC_LITERAL_CONVERSION = YES;
				CLANG_WARN_OBJC_ROOT_CLASS = YES_ERROR;
				CLANG_WARN_RANGE_LOOP_ANALYSIS = YES;
				CLANG_WARN_STRICT_PROTOTYPES = YES;
				CLANG_WARN_SUSPICIOUS_MOVE = YES;
				CLANG_WARN_UNGUARDED_AVAILABILITY = YES_AGGRESSIVE;
				CLANG_WARN_UNREACHABLE_CODE = YES;
				CLANG_WARN__DUPLICATE_METHOD_MATCH = YES;
				COPY_PHASE_STRIP = NO;
				DEBUG_INFORMATION_FORMAT = dwarf;
				ENABLE_STRICT_OBJC_MSGSEND = YES;
				ENABLE_TESTABILITY = YES;
				GCC_C_LANGUAGE_STANDARD = gnu11;
				GCC_DYNAMIC_NO_PIC = NO;
				GCC_NO_COMMON_BLOCKS = YES;
				GCC_OPTIMIZATION_LEVEL = 0;
				GCC_PREPROCESSOR_DEFINITIONS = (
					"DEBUG=1",
					"$(inherited)",
				);
				GCC_WARN_64_TO_32_BIT_CONVERSION = YES;
				GCC_WARN_ABOUT_RETURN_TYPE = YES_ERROR;
				GCC_WARN_UNDECLARED_SELECTOR = YES;
				GCC_WARN_UNINITIALIZED_AUTOS = YES_AGGRESSIVE;
				GCC_WARN_UNUSED_FUNCTION = YES;
				GCC_WARN_UNUSED_VARIABLE = YES;
				IPHONEOS_DEPLOYMENT_TARGET = 13.4;
				MTL_ENABLE_DEBUG_INFO = INCLUDE_SOURCE;
				MTL_FAST_MATH = YES;
				ONLY_ACTIVE_ARCH = YES;
				SDKROOT = iphoneos;
				SWIFT_ACTIVE_COMPILATION_CONDITIONS = DEBUG;
				SWIFT_OPTIMIZATION_LEVEL = "-Onone";
			};
			name = Debug;
		};
		426A86C92464360700798884 /* Release */ = {
			isa = XCBuildConfiguration;
			buildSettings = {
				ALWAYS_SEARCH_USER_PATHS = NO;
				CLANG_ANALYZER_NONNULL = YES;
				CLANG_ANALYZER_NUMBER_OBJECT_CONVERSION = YES_AGGRESSIVE;
				CLANG_CXX_LANGUAGE_STANDARD = "gnu++14";
				CLANG_CXX_LIBRARY = "libc++";
				CLANG_ENABLE_MODULES = YES;
				CLANG_ENABLE_OBJC_ARC = YES;
				CLANG_ENABLE_OBJC_WEAK = YES;
				CLANG_WARN_BLOCK_CAPTURE_AUTORELEASING = YES;
				CLANG_WARN_BOOL_CONVERSION = YES;
				CLANG_WARN_COMMA = YES;
				CLANG_WARN_CONSTANT_CONVERSION = YES;
				CLANG_WARN_DEPRECATED_OBJC_IMPLEMENTATIONS = YES;
				CLANG_WARN_DIRECT_OBJC_ISA_USAGE = YES_ERROR;
				CLANG_WARN_DOCUMENTATION_COMMENTS = YES;
				CLANG_WARN_EMPTY_BODY = YES;
				CLANG_WARN_ENUM_CONVERSION = YES;
				CLANG_WARN_INFINITE_RECURSION = YES;
				CLANG_WARN_INT_CONVERSION = YES;
				CLANG_WARN_NON_LITERAL_NULL_CONVERSION = YES;
				CLANG_WARN_OBJC_IMPLICIT_RETAIN_SELF = YES;
				CLANG_WARN_OBJC_LITERAL_CONVERSION = YES;
				CLANG_WARN_OBJC_ROOT_CLASS = YES_ERROR;
				CLANG_WARN_RANGE_LOOP_ANALYSIS = YES;
				CLANG_WARN_STRICT_PROTOTYPES = YES;
				CLANG_WARN_SUSPICIOUS_MOVE = YES;
				CLANG_WARN_UNGUARDED_AVAILABILITY = YES_AGGRESSIVE;
				CLANG_WARN_UNREACHABLE_CODE = YES;
				CLANG_WARN__DUPLICATE_METHOD_MATCH = YES;
				COPY_PHASE_STRIP = NO;
				DEBUG_INFORMATION_FORMAT = "dwarf-with-dsym";
				ENABLE_NS_ASSERTIONS = NO;
				ENABLE_STRICT_OBJC_MSGSEND = YES;
				GCC_C_LANGUAGE_STANDARD = gnu11;
				GCC_NO_COMMON_BLOCKS = YES;
				GCC_WARN_64_TO_32_BIT_CONVERSION = YES;
				GCC_WARN_ABOUT_RETURN_TYPE = YES_ERROR;
				GCC_WARN_UNDECLARED_SELECTOR = YES;
				GCC_WARN_UNINITIALIZED_AUTOS = YES_AGGRESSIVE;
				GCC_WARN_UNUSED_FUNCTION = YES;
				GCC_WARN_UNUSED_VARIABLE = YES;
				IPHONEOS_DEPLOYMENT_TARGET = 13.4;
				MTL_ENABLE_DEBUG_INFO = NO;
				MTL_FAST_MATH = YES;
				SDKROOT = iphoneos;
				SWIFT_COMPILATION_MODE = wholemodule;
				SWIFT_OPTIMIZATION_LEVEL = "-O";
				VALIDATE_PRODUCT = YES;
			};
			name = Release;
		};
		426A86CB2464360700798884 /* Debug */ = {
			isa = XCBuildConfiguration;
			baseConfigurationReference = 620E68CCABF67B34FD4C15D9 /* Pods-QiitaAPI.debug.xcconfig */;
			buildSettings = {
				ASSETCATALOG_COMPILER_APPICON_NAME = AppIcon;
				CODE_SIGN_STYLE = Automatic;
				DEVELOPMENT_TEAM = 9892KFT732;
				INFOPLIST_FILE = QiitaAPI/Info.plist;
				LD_RUNPATH_SEARCH_PATHS = (
					"$(inherited)",
					"@executable_path/Frameworks",
				);
				PRODUCT_BUNDLE_IDENTIFIER = "jp.ne.docomo.aokuro-z.QiitaAPI";
				PRODUCT_NAME = "$(TARGET_NAME)";
				SWIFT_VERSION = 5.0;
				TARGETED_DEVICE_FAMILY = "1,2";
			};
			name = Debug;
		};
		426A86CC2464360700798884 /* Release */ = {
			isa = XCBuildConfiguration;
			baseConfigurationReference = B323ED488EC5007ADB73DDA0 /* Pods-QiitaAPI.release.xcconfig */;
			buildSettings = {
				ASSETCATALOG_COMPILER_APPICON_NAME = AppIcon;
				CODE_SIGN_STYLE = Automatic;
				DEVELOPMENT_TEAM = 9892KFT732;
				INFOPLIST_FILE = QiitaAPI/Info.plist;
				LD_RUNPATH_SEARCH_PATHS = (
					"$(inherited)",
					"@executable_path/Frameworks",
				);
				PRODUCT_BUNDLE_IDENTIFIER = "jp.ne.docomo.aokuro-z.QiitaAPI";
				PRODUCT_NAME = "$(TARGET_NAME)";
				SWIFT_VERSION = 5.0;
				TARGETED_DEVICE_FAMILY = "1,2";
			};
			name = Release;
		};
/* End XCBuildConfiguration section */

/* Begin XCConfigurationList section */
		426A86B12464360200798884 /* Build configuration list for PBXProject "QiitaAPI" */ = {
			isa = XCConfigurationList;
			buildConfigurations = (
				426A86C82464360700798884 /* Debug */,
				426A86C92464360700798884 /* Release */,
			);
			defaultConfigurationIsVisible = 0;
			defaultConfigurationName = Release;
		};
		426A86CA2464360700798884 /* Build configuration list for PBXNativeTarget "QiitaAPI" */ = {
			isa = XCConfigurationList;
			buildConfigurations = (
				426A86CB2464360700798884 /* Debug */,
				426A86CC2464360700798884 /* Release */,
			);
			defaultConfigurationIsVisible = 0;
			defaultConfigurationName = Release;
		};
/* End XCConfigurationList section */
	};
	rootObject = 426A86AE2464360200798884 /* Project object */;
}
